
Microsoft Visual Studio Solution File, Format Version 12.00
# Visual Studio 15
VisualStudioVersion = 15.0.26730.16
MinimumVisualStudioVersion = 10.0.40219.1
Project("{FAE04EC0-301F-11D3-BF4B-00C04F79EFBC}") = "SampleReactApp.WebApi", "SampleReactApp.WebApi\SampleReactApp.WebApi.csproj", "{7DA22169-2B93-4FE4-9187-94BDBEC6DA9D}"
EndProject
Global
	GlobalSection(SolutionConfigurationPlatforms) = preSolution
		Debug|Any CPU = Debug|Any CPU
		Release|Any CPU = Release|Any CPU
	EndGlobalSection
	GlobalSection(ProjectConfigurationPlatforms) = postSolution
		{7DA22169-2B93-4FE4-9187-94BDBEC6DA9D}.Debug|Any CPU.ActiveCfg = Debug|Any CPU
		{7DA22169-2B93-4FE4-9187-94BDBEC6DA9D}.Debug|Any CPU.Build.0 = Debug|Any CPU
		{7DA22169-2B93-4FE4-9187-94BDBEC6DA9D}.Release|Any CPU.ActiveCfg = Release|Any CPU
		{7DA22169-2B93-4FE4-9187-94BDBEC6DA9D}.Release|Any CPU.Build.0 = Release|Any CPU
	EndGlobalSection
	GlobalSection(SolutionProperties) = preSolution
		HideSolutionNode = FALSE
	EndGlobalSection
	GlobalSection(ExtensibilityGlobals) = postSolution
		SolutionGuid = {970D0527-EC42-4146-A48B-66877959963E}
	EndGlobalSection
EndGlobal
