
Microsoft Visual Studio Solution File, Format Version 12.00
# Visual Studio 15
VisualStudioVersion = 15.0.27130.2026
MinimumVisualStudioVersion = 10.0.40219.1
Project("{9A19103F-16F7-4668-BE54-9A1E7A4F7556}") = "SampleReactApp.Build", "build\SampleReactApp.Build.csproj", "{5C8B5794-6A8F-4EEC-A4E3-715D02F3B775}"
EndProject
Project("{9A19103F-16F7-4668-BE54-9A1E7A4F7556}") = "SampleReactApp.WebApi", "src\SampleReactApp.WebApi\SampleReactApp.WebApi.csproj", "{7DA22169-2B93-4FE4-9187-94BDBEC6DA9D}"
EndProject
Project("{9A19103F-16F7-4668-BE54-9A1E7A4F7556}") = "SampleReactApp.Core", "src\SampleReactApp.Core\SampleReactApp.Core.csproj", "{2840DEF9-58EC-4219-A152-BA665483F588}"
EndProject
Global
	GlobalSection(SolutionConfigurationPlatforms) = preSolution
		Debug|Any CPU = Debug|Any CPU
		Release|Any CPU = Release|Any CPU
	EndGlobalSection
	GlobalSection(ProjectConfigurationPlatforms) = postSolution
		{5C8B5794-6A8F-4EEC-A4E3-715D02F3B775}.Debug|Any CPU.ActiveCfg = Debug|Any CPU
		{5C8B5794-6A8F-4EEC-A4E3-715D02F3B775}.Release|Any CPU.ActiveCfg = Release|Any CPU
		{7DA22169-2B93-4FE4-9187-94BDBEC6DA9D}.Debug|Any CPU.ActiveCfg = Debug|Any CPU
		{7DA22169-2B93-4FE4-9187-94BDBEC6DA9D}.Debug|Any CPU.Build.0 = Debug|Any CPU
		{7DA22169-2B93-4FE4-9187-94BDBEC6DA9D}.Release|Any CPU.ActiveCfg = Release|Any CPU
		{7DA22169-2B93-4FE4-9187-94BDBEC6DA9D}.Release|Any CPU.Build.0 = Release|Any CPU
		{2840DEF9-58EC-4219-A152-BA665483F588}.Debug|Any CPU.ActiveCfg = Debug|Any CPU
		{2840DEF9-58EC-4219-A152-BA665483F588}.Debug|Any CPU.Build.0 = Debug|Any CPU
		{2840DEF9-58EC-4219-A152-BA665483F588}.Release|Any CPU.ActiveCfg = Release|Any CPU
		{2840DEF9-58EC-4219-A152-BA665483F588}.Release|Any CPU.Build.0 = Release|Any CPU
	EndGlobalSection
	GlobalSection(SolutionProperties) = preSolution
		HideSolutionNode = FALSE
	EndGlobalSection
	GlobalSection(ExtensibilityGlobals) = postSolution
		SolutionGuid = {970D0527-EC42-4146-A48B-66877959963E}
	EndGlobalSection
EndGlobal
